
Microsoft Visual Studio Solution File, Format Version 12.00
# Visual Studio 2013
VisualStudioVersion = 12.0.31101.0
MinimumVisualStudioVersion = 10.0.40219.1
Project("{FAE04EC0-301F-11D3-BF4B-00C04F79EFBC}") = "Industrial", "Industrial\Industrial.csproj", "{B895639E-6F07-474C-9E8A-20F3E9A1FFFB}"
EndProject
Project("{2150E333-8FDC-42A3-9474-1A3956D46DE8}") = "CoreUI", "CoreUI", "{0949558D-F681-45BD-9724-175DF4CDD60C}"
EndProject
Project("{FAE04EC0-301F-11D3-BF4B-00C04F79EFBC}") = "Industrial.ControlsLib", "Industrial.ControlsLib\Industrial.ControlsLib.csproj", "{4E64A406-F1A5-4615-80DF-583144DEF782}"
EndProject
Project("{FAE04EC0-301F-11D3-BF4B-00C04F79EFBC}") = "Industrial.Infrastructure", "Industrial.Infrastructure\Industrial.Infrastructure.csproj", "{A963F646-76B4-40EC-8E4F-E8EACC256FA8}"
EndProject
Project("{FAE04EC0-301F-11D3-BF4B-00C04F79EFBC}") = "Industrial.Shared", "Industrial.Shared\Industrial.Shared.csproj", "{2C752B91-ECA4-4E98-B5F9-63B1690EBE4F}"
EndProject
Project("{2150E333-8FDC-42A3-9474-1A3956D46DE8}") = "Core", "Core", "{B315A65E-AA8E-406B-9EC9-246EDBFB5431}"
EndProject
Project("{FAE04EC0-301F-11D3-BF4B-00C04F79EFBC}") = "Core", "..\Core\Core.csproj", "{B34B95D5-15C7-4047-9043-0FFE5D8EC728}"
EndProject
Project("{FAE04EC0-301F-11D3-BF4B-00C04F79EFBC}") = "Industrial.Data", "Industrial.Data\Industrial.Data.csproj", "{0515B2CE-ECA0-4C6C-9F78-20889D92F7C1}"
EndProject
Project("{2150E333-8FDC-42A3-9474-1A3956D46DE8}") = "Tests", "Tests", "{802841A8-947C-4C95-83EE-AC6513CE9F21}"
EndProject
Project("{FAE04EC0-301F-11D3-BF4B-00C04F79EFBC}") = "Industrial.Repository", "Industrial.Repository\Industrial.Repository.csproj", "{1C6F5596-F1A0-4A70-8666-20C26137E141}"
EndProject
Global
	GlobalSection(SolutionConfigurationPlatforms) = preSolution
		Debug|Any CPU = Debug|Any CPU
		Release|Any CPU = Release|Any CPU
	EndGlobalSection
	GlobalSection(ProjectConfigurationPlatforms) = postSolution
		{B895639E-6F07-474C-9E8A-20F3E9A1FFFB}.Debug|Any CPU.ActiveCfg = Debug|Any CPU
		{B895639E-6F07-474C-9E8A-20F3E9A1FFFB}.Debug|Any CPU.Build.0 = Debug|Any CPU
		{B895639E-6F07-474C-9E8A-20F3E9A1FFFB}.Release|Any CPU.ActiveCfg = Release|Any CPU
		{B895639E-6F07-474C-9E8A-20F3E9A1FFFB}.Release|Any CPU.Build.0 = Release|Any CPU
		{4E64A406-F1A5-4615-80DF-583144DEF782}.Debug|Any CPU.ActiveCfg = Debug|Any CPU
		{4E64A406-F1A5-4615-80DF-583144DEF782}.Debug|Any CPU.Build.0 = Debug|Any CPU
		{4E64A406-F1A5-4615-80DF-583144DEF782}.Release|Any CPU.ActiveCfg = Release|Any CPU
		{4E64A406-F1A5-4615-80DF-583144DEF782}.Release|Any CPU.Build.0 = Release|Any CPU
		{A963F646-76B4-40EC-8E4F-E8EACC256FA8}.Debug|Any CPU.ActiveCfg = Debug|Any CPU
		{A963F646-76B4-40EC-8E4F-E8EACC256FA8}.Debug|Any CPU.Build.0 = Debug|Any CPU
		{A963F646-76B4-40EC-8E4F-E8EACC256FA8}.Release|Any CPU.ActiveCfg = Release|Any CPU
		{A963F646-76B4-40EC-8E4F-E8EACC256FA8}.Release|Any CPU.Build.0 = Release|Any CPU
		{2C752B91-ECA4-4E98-B5F9-63B1690EBE4F}.Debug|Any CPU.ActiveCfg = Debug|Any CPU
		{2C752B91-ECA4-4E98-B5F9-63B1690EBE4F}.Debug|Any CPU.Build.0 = Debug|Any CPU
		{2C752B91-ECA4-4E98-B5F9-63B1690EBE4F}.Release|Any CPU.ActiveCfg = Release|Any CPU
		{2C752B91-ECA4-4E98-B5F9-63B1690EBE4F}.Release|Any CPU.Build.0 = Release|Any CPU
		{B34B95D5-15C7-4047-9043-0FFE5D8EC728}.Debug|Any CPU.ActiveCfg = Debug|Any CPU
		{B34B95D5-15C7-4047-9043-0FFE5D8EC728}.Debug|Any CPU.Build.0 = Debug|Any CPU
		{B34B95D5-15C7-4047-9043-0FFE5D8EC728}.Release|Any CPU.ActiveCfg = Release|Any CPU
		{B34B95D5-15C7-4047-9043-0FFE5D8EC728}.Release|Any CPU.Build.0 = Release|Any CPU
		{0515B2CE-ECA0-4C6C-9F78-20889D92F7C1}.Debug|Any CPU.ActiveCfg = Debug|Any CPU
		{0515B2CE-ECA0-4C6C-9F78-20889D92F7C1}.Debug|Any CPU.Build.0 = Debug|Any CPU
		{0515B2CE-ECA0-4C6C-9F78-20889D92F7C1}.Release|Any CPU.ActiveCfg = Release|Any CPU
		{0515B2CE-ECA0-4C6C-9F78-20889D92F7C1}.Release|Any CPU.Build.0 = Release|Any CPU
		{1C6F5596-F1A0-4A70-8666-20C26137E141}.Debug|Any CPU.ActiveCfg = Debug|Any CPU
		{1C6F5596-F1A0-4A70-8666-20C26137E141}.Debug|Any CPU.Build.0 = Debug|Any CPU
		{1C6F5596-F1A0-4A70-8666-20C26137E141}.Release|Any CPU.ActiveCfg = Release|Any CPU
		{1C6F5596-F1A0-4A70-8666-20C26137E141}.Release|Any CPU.Build.0 = Release|Any CPU
	EndGlobalSection
	GlobalSection(SolutionProperties) = preSolution
		HideSolutionNode = FALSE
	EndGlobalSection
	GlobalSection(NestedProjects) = preSolution
		{4E64A406-F1A5-4615-80DF-583144DEF782} = {0949558D-F681-45BD-9724-175DF4CDD60C}
		{A963F646-76B4-40EC-8E4F-E8EACC256FA8} = {0949558D-F681-45BD-9724-175DF4CDD60C}
		{2C752B91-ECA4-4E98-B5F9-63B1690EBE4F} = {0949558D-F681-45BD-9724-175DF4CDD60C}
		{B34B95D5-15C7-4047-9043-0FFE5D8EC728} = {B315A65E-AA8E-406B-9EC9-246EDBFB5431}
		{0515B2CE-ECA0-4C6C-9F78-20889D92F7C1} = {B315A65E-AA8E-406B-9EC9-246EDBFB5431}
		{1C6F5596-F1A0-4A70-8666-20C26137E141} = {B315A65E-AA8E-406B-9EC9-246EDBFB5431}
	EndGlobalSection
EndGlobal
